
Microsoft Visual Studio Solution File, Format Version 12.00
# Visual Studio 2012
Project("{FAE04EC0-301F-11D3-BF4B-00C04F79EFBC}") = "SpeechRecognition", "SpeechRecognition\SpeechRecognition.csproj", "{B25C826B-7283-41AA-A3F1-A1479F261ADB}"
EndProject
Project("{FAE04EC0-301F-11D3-BF4B-00C04F79EFBC}") = "SpeechRecognitionTests", "SpeechRecognitionTests\SpeechRecognitionTests.csproj", "{87D596C3-D557-4AC0-B09A-E02E12EDB7E7}"
EndProject
Project("{FAE04EC0-301F-11D3-BF4B-00C04F79EFBC}") = "SpeechRecognition.Audio", "SpeechRecognition.Audio\SpeechRecognition.Audio.csproj", "{E4E32BBB-2305-4F95-BF77-10A42C7A0A07}"
EndProject
Project("{FAE04EC0-301F-11D3-BF4B-00C04F79EFBC}") = "SpeechRecognition.UI", "SpeechRecognition.UI\SpeechRecognition.UI.csproj", "{3E34D89E-C158-4CBD-9D18-7840ACCDF794}"
EndProject
Global
	GlobalSection(SolutionConfigurationPlatforms) = preSolution
		Debug|Any CPU = Debug|Any CPU
		Release|Any CPU = Release|Any CPU
	EndGlobalSection
	GlobalSection(ProjectConfigurationPlatforms) = postSolution
		{B25C826B-7283-41AA-A3F1-A1479F261ADB}.Debug|Any CPU.ActiveCfg = Debug|Any CPU
		{B25C826B-7283-41AA-A3F1-A1479F261ADB}.Debug|Any CPU.Build.0 = Debug|Any CPU
		{B25C826B-7283-41AA-A3F1-A1479F261ADB}.Release|Any CPU.ActiveCfg = Release|Any CPU
		{B25C826B-7283-41AA-A3F1-A1479F261ADB}.Release|Any CPU.Build.0 = Release|Any CPU
		{87D596C3-D557-4AC0-B09A-E02E12EDB7E7}.Debug|Any CPU.ActiveCfg = Debug|Any CPU
		{87D596C3-D557-4AC0-B09A-E02E12EDB7E7}.Debug|Any CPU.Build.0 = Debug|Any CPU
		{87D596C3-D557-4AC0-B09A-E02E12EDB7E7}.Release|Any CPU.ActiveCfg = Release|Any CPU
		{87D596C3-D557-4AC0-B09A-E02E12EDB7E7}.Release|Any CPU.Build.0 = Release|Any CPU
		{E4E32BBB-2305-4F95-BF77-10A42C7A0A07}.Debug|Any CPU.ActiveCfg = Debug|Any CPU
		{E4E32BBB-2305-4F95-BF77-10A42C7A0A07}.Debug|Any CPU.Build.0 = Debug|Any CPU
		{E4E32BBB-2305-4F95-BF77-10A42C7A0A07}.Release|Any CPU.ActiveCfg = Release|Any CPU
		{E4E32BBB-2305-4F95-BF77-10A42C7A0A07}.Release|Any CPU.Build.0 = Release|Any CPU
		{3E34D89E-C158-4CBD-9D18-7840ACCDF794}.Debug|Any CPU.ActiveCfg = Debug|Any CPU
		{3E34D89E-C158-4CBD-9D18-7840ACCDF794}.Debug|Any CPU.Build.0 = Debug|Any CPU
		{3E34D89E-C158-4CBD-9D18-7840ACCDF794}.Release|Any CPU.ActiveCfg = Release|Any CPU
		{3E34D89E-C158-4CBD-9D18-7840ACCDF794}.Release|Any CPU.Build.0 = Release|Any CPU
	EndGlobalSection
	GlobalSection(SolutionProperties) = preSolution
		HideSolutionNode = FALSE
	EndGlobalSection
EndGlobal
